<?xml version="1.0" encoding="utf-8"?>
<Project ToolsVersion="4.0" xmlns="http://schemas.microsoft.com/developer/msbuild/2003">
  <ItemGroup>
    <Filter Include="Source Files">
      <UniqueIdentifier>{4FC737F1-C7A5-4376-A066-2A32D752A2FF}</UniqueIdentifier>
      <Extensions>cpp;c;cc;cxx;def;odl;idl;hpj;bat;asm;asmx</Extensions>
    </Filter>
    <Filter Include="Header Files">
      <UniqueIdentifier>{93995380-89BD-4b04-88EB-625FBE52EBFB}</UniqueIdentifier>
      <Extensions>h;hh;hpp;hxx;hm;inl;inc;ipp;xsd</Extensions>
    </Filter>
    <Filter Include="Resource Files">
      <UniqueIdentifier>{67DA6AB6-F800-4c08-8B7A-83BB121AAD01}</UniqueIdentifier>
      <Extensions>rc;ico;cur;bmp;dlg;rc2;rct;bin;rgs;gif;jpg;jpeg;jpe;resx;tiff;tif;png;wav;mfcribbon-ms</Extensions>
    </Filter>
  </ItemGroup>
  <ItemGroup>
    <ClInclude Include="framework.h">
      <Filter>Header Files</Filter>
    </ClInclude>
    <ClInclude Include="yangbot_defs.h">
      <Filter>Header Files</Filter>
    </ClInclude>
    <ClInclude Include="rlu_headers\simulation\ball.h">
      <Filter>Header Files</Filter>
    </ClInclude>
    <ClInclude Include="rlu_headers\simulation\bezier.h">
      <Filter>Header Files</Filter>
    </ClInclude>
    <ClInclude Include="rlu_headers\simulation\bit_packing.h">
      <Filter>Header Files</Filter>
    </ClInclude>
    <ClInclude Include="rlu_headers\simulation\bvh.h">
      <Filter>Header Files</Filter>
    </ClInclude>
    <ClInclude Include="rlu_headers\simulation\car.h">
      <Filter>Header Files</Filter>
    </ClInclude>
    <ClInclude Include="rlu_headers\simulation\circles.h">
      <Filter>Header Files</Filter>
    </ClInclude>
    <ClInclude Include="rlu_headers\simulation\composite_arc.h">
      <Filter>Header Files</Filter>
    </ClInclude>
    <ClInclude Include="rlu_headers\simulation\curve.h">
      <Filter>Header Files</Filter>
    </ClInclude>
    <ClInclude Include="rlu_headers\simulation\field.h">
      <Filter>Header Files</Filter>
    </ClInclude>
    <ClInclude Include="rlu_headers\simulation\game.h">
      <Filter>Header Files</Filter>
    </ClInclude>
    <ClInclude Include="rlu_headers\simulation\geometry.h">
      <Filter>Header Files</Filter>
    </ClInclude>
    <ClInclude Include="rlu_headers\simulation\goal.h">
      <Filter>Header Files</Filter>
    </ClInclude>
    <ClInclude Include="rlu_headers\simulation\input.h">
      <Filter>Header Files</Filter>
    </ClInclude>
    <ClInclude Include="rlu_headers\simulation\mesh.h">
      <Filter>Header Files</Filter>
    </ClInclude>
    <ClInclude Include="rlu_headers\simulation\morton.h">
      <Filter>Header Files</Filter>
    </ClInclude>
    <ClInclude Include="rlu_headers\simulation\navigator.h">
      <Filter>Header Files</Filter>
    </ClInclude>
    <ClInclude Include="rlu_headers\simulation\ogh.h">
      <Filter>Header Files</Filter>
    </ClInclude>
    <ClInclude Include="rlu_headers\simulation\pad.h">
      <Filter>Header Files</Filter>
    </ClInclude>
    <ClInclude Include="rlu_headers\simulation\path.h">
      <Filter>Header Files</Filter>
    </ClInclude>
    <ClInclude Include="rlu_headers\simulation\path_planner.h">
      <Filter>Header Files</Filter>
    </ClInclude>
    <ClInclude Include="rlu_headers\misc\timer.h">
      <Filter>Header Files</Filter>
    </ClInclude>
    <ClInclude Include="rlu_headers\misc\convert.h">
      <Filter>Header Files</Filter>
    </ClInclude>
    <ClInclude Include="rlu_headers\misc\graph.h">
      <Filter>Header Files</Filter>
    </ClInclude>
    <ClInclude Include="rlu_headers\misc\io.h">
      <Filter>Header Files</Filter>
    </ClInclude>
    <ClInclude Include="rlu_headers\misc\json.h">
      <Filter>Header Files</Filter>
    </ClInclude>
    <ClInclude Include="rlu_headers\misc\read_binary.h">
      <Filter>Header Files</Filter>
    </ClInclude>
    <ClInclude Include="rlu_headers\misc\resource.h">
      <Filter>Header Files</Filter>
    </ClInclude>
    <ClInclude Include="rlu_headers\flatbuffers\base.h">
      <Filter>Header Files</Filter>
    </ClInclude>
    <ClInclude Include="rlu_headers\flatbuffers\code_generators.h">
      <Filter>Header Files</Filter>
    </ClInclude>
    <ClInclude Include="rlu_headers\flatbuffers\flatbuffers.h">
      <Filter>Header Files</Filter>
    </ClInclude>
    <ClInclude Include="rlu_headers\flatbuffers\flatc.h">
      <Filter>Header Files</Filter>
    </ClInclude>
    <ClInclude Include="rlu_headers\flatbuffers\flexbuffers.h">
      <Filter>Header Files</Filter>
    </ClInclude>
    <ClInclude Include="rlu_headers\flatbuffers\grpc.h">
      <Filter>Header Files</Filter>
    </ClInclude>
    <ClInclude Include="rlu_headers\flatbuffers\hash.h">
      <Filter>Header Files</Filter>
    </ClInclude>
    <ClInclude Include="rlu_headers\flatbuffers\idl.h">
      <Filter>Header Files</Filter>
    </ClInclude>
    <ClInclude Include="rlu_headers\flatbuffers\minireflect.h">
      <Filter>Header Files</Filter>
    </ClInclude>
    <ClInclude Include="rlu_headers\flatbuffers\reflection.h">
      <Filter>Header Files</Filter>
    </ClInclude>
    <ClInclude Include="rlu_headers\flatbuffers\reflection_generated.h">
      <Filter>Header Files</Filter>
    </ClInclude>
    <ClInclude Include="rlu_headers\flatbuffers\registry.h">
      <Filter>Header Files</Filter>
    </ClInclude>
    <ClInclude Include="rlu_headers\flatbuffers\stl_emulation.h">
      <Filter>Header Files</Filter>
    </ClInclude>
    <ClInclude Include="rlu_headers\flatbuffers\util.h">
      <Filter>Header Files</Filter>
    </ClInclude>
    <ClInclude Include="rlu_headers\linear_algebra\mat.h">
      <Filter>Header Files</Filter>
    </ClInclude>
    <ClInclude Include="rlu_headers\linear_algebra\math.h">
      <Filter>Header Files</Filter>
    </ClInclude>
    <ClInclude Include="rlu_headers\linear_algebra\vec.h">
      <Filter>Header Files</Filter>
    </ClInclude>
    <ClInclude Include="rlu_headers\mechanics\aerial.h">
      <Filter>Header Files</Filter>
    </ClInclude>
    <ClInclude Include="rlu_headers\mechanics\aerial_turn.h">
      <Filter>Header Files</Filter>
    </ClInclude>
    <ClInclude Include="rlu_headers\mechanics\boostdash.h">
      <Filter>Header Files</Filter>
    </ClInclude>
    <ClInclude Include="rlu_headers\mechanics\dodge.h">
      <Filter>Header Files</Filter>
    </ClInclude>
    <ClInclude Include="rlu_headers\mechanics\drive.h">
      <Filter>Header Files</Filter>
    </ClInclude>
    <ClInclude Include="rlu_headers\mechanics\drive_path.h">
      <Filter>Header Files</Filter>
    </ClInclude>
    <ClInclude Include="rlu_headers\mechanics\follow_path.h">
      <Filter>Header Files</Filter>
    </ClInclude>
    <ClInclude Include="rlu_headers\mechanics\jump.h">
      <Filter>Header Files</Filter>
    </ClInclude>
    <ClInclude Include="rlu_headers\mechanics\orientation.h">
      <Filter>Header Files</Filter>
    </ClInclude>
    <ClInclude Include="rlu_headers\mechanics\slide.h">
      <Filter>Header Files</Filter>
    </ClInclude>
    <ClInclude Include="rlu_headers\mechanics\wavedash.h">
      <Filter>Header Files</Filter>
    </ClInclude>
    <ClInclude Include="rlu_headers\misc\interpolation.h">
      <Filter>Header Files</Filter>
    </ClInclude>
    <ClInclude Include="rlu_headers\misc\logging.h">
      <Filter>Header Files</Filter>
    </ClInclude>
    <ClInclude Include="rlu_headers\misc\random.h">
      <Filter>Header Files</Filter>
    </ClInclude>
    <ClInclude Include="rlu_headers\misc\rlu_dll.h">
      <Filter>Header Files</Filter>
    </ClInclude>
  </ItemGroup>
  <ItemGroup>
    <ClCompile Include="dllmain.cpp">
      <Filter>Source Files</Filter>
    </ClCompile>
    <ClCompile Include="yangbot_defs.cpp">
      <Filter>Source Files</Filter>
    </ClCompile>
  </ItemGroup>
</Project>